
Microsoft Visual Studio Solution File, Format Version 12.00
# Visual Studio Version 16
VisualStudioVersion = 16.0.28803.352
MinimumVisualStudioVersion = 10.0.40219.1
Project("{FAE04EC0-301F-11D3-BF4B-00C04F79EFBC}") = "WordpressAutomation", "WordpressAutomation\WordpressAutomation.csproj", "{4F5C5366-E7DE-403F-BF10-9CA1AD5A7273}"
EndProject
Project("{FAE04EC0-301F-11D3-BF4B-00C04F79EFBC}") = "WordpressTests", "WordpressTests\WordpressTests.csproj", "{5A5BA073-E769-4657-B60C-D7DB34F0970C}"
EndProject
Global
	GlobalSection(SolutionConfigurationPlatforms) = preSolution
		Debug|Any CPU = Debug|Any CPU
		Release|Any CPU = Release|Any CPU
	EndGlobalSection
	GlobalSection(ProjectConfigurationPlatforms) = postSolution
		{4F5C5366-E7DE-403F-BF10-9CA1AD5A7273}.Debug|Any CPU.ActiveCfg = Debug|Any CPU
		{4F5C5366-E7DE-403F-BF10-9CA1AD5A7273}.Debug|Any CPU.Build.0 = Debug|Any CPU
		{4F5C5366-E7DE-403F-BF10-9CA1AD5A7273}.Release|Any CPU.ActiveCfg = Release|Any CPU
		{4F5C5366-E7DE-403F-BF10-9CA1AD5A7273}.Release|Any CPU.Build.0 = Release|Any CPU
		{5A5BA073-E769-4657-B60C-D7DB34F0970C}.Debug|Any CPU.ActiveCfg = Debug|Any CPU
		{5A5BA073-E769-4657-B60C-D7DB34F0970C}.Debug|Any CPU.Build.0 = Debug|Any CPU
		{5A5BA073-E769-4657-B60C-D7DB34F0970C}.Release|Any CPU.ActiveCfg = Release|Any CPU
		{5A5BA073-E769-4657-B60C-D7DB34F0970C}.Release|Any CPU.Build.0 = Release|Any CPU
	EndGlobalSection
	GlobalSection(SolutionProperties) = preSolution
		HideSolutionNode = FALSE
	EndGlobalSection
	GlobalSection(ExtensibilityGlobals) = postSolution
		SolutionGuid = {FDA0EFD1-EA78-4E04-9CDC-364B87D5AA4B}
	EndGlobalSection
EndGlobal
